
Microsoft Visual Studio Solution File, Format Version 12.00
# Visual Studio Version 16
VisualStudioVersion = 16.0.30011.22
MinimumVisualStudioVersion = 10.0.40219.1
Project("{FAE04EC0-301F-11D3-BF4B-00C04F79EFBC}") = "Пасьянс Охота", "Пасьянс Охота.csproj", "{395F6D3E-E445-4474-9CAE-36B44433FA4A}"
EndProject
Global
	GlobalSection(SolutionConfigurationPlatforms) = preSolution
		Debug|Any CPU = Debug|Any CPU
		Release|Any CPU = Release|Any CPU
	EndGlobalSection
	GlobalSection(ProjectConfigurationPlatforms) = postSolution
		{395F6D3E-E445-4474-9CAE-36B44433FA4A}.Debug|Any CPU.ActiveCfg = Debug|Any CPU
		{395F6D3E-E445-4474-9CAE-36B44433FA4A}.Debug|Any CPU.Build.0 = Debug|Any CPU
		{395F6D3E-E445-4474-9CAE-36B44433FA4A}.Release|Any CPU.ActiveCfg = Release|Any CPU
		{395F6D3E-E445-4474-9CAE-36B44433FA4A}.Release|Any CPU.Build.0 = Release|Any CPU
	EndGlobalSection
	GlobalSection(SolutionProperties) = preSolution
		HideSolutionNode = FALSE
	EndGlobalSection
	GlobalSection(ExtensibilityGlobals) = postSolution
		SolutionGuid = {606F8B8B-9F41-4E19-A10F-D37CDE716A7B}
	EndGlobalSection
EndGlobal
