
Microsoft Visual Studio Solution File, Format Version 12.00
# Visual Studio Version 16
VisualStudioVersion = 16.0.29728.190
MinimumVisualStudioVersion = 10.0.40219.1
Project("{FAE04EC0-301F-11D3-BF4B-00C04F79EFBC}") = "MyCipher", "MyCipher\MyCipher.csproj", "{8C8B92E7-6887-47E9-8057-00056DEE5827}"
EndProject
Project("{FAE04EC0-301F-11D3-BF4B-00C04F79EFBC}") = "MyCipherUnitTest", "MyCiperUnitTest\MyCipherUnitTest.csproj", "{282DF47B-7ABC-44A7-9365-11FEA355DF8E}"
EndProject
Global
	GlobalSection(SolutionConfigurationPlatforms) = preSolution
		Debug|Any CPU = Debug|Any CPU
		Release|Any CPU = Release|Any CPU
	EndGlobalSection
	GlobalSection(ProjectConfigurationPlatforms) = postSolution
		{8C8B92E7-6887-47E9-8057-00056DEE5827}.Debug|Any CPU.ActiveCfg = Debug|Any CPU
		{8C8B92E7-6887-47E9-8057-00056DEE5827}.Debug|Any CPU.Build.0 = Debug|Any CPU
		{8C8B92E7-6887-47E9-8057-00056DEE5827}.Release|Any CPU.ActiveCfg = Release|Any CPU
		{8C8B92E7-6887-47E9-8057-00056DEE5827}.Release|Any CPU.Build.0 = Release|Any CPU
		{282DF47B-7ABC-44A7-9365-11FEA355DF8E}.Debug|Any CPU.ActiveCfg = Debug|Any CPU
		{282DF47B-7ABC-44A7-9365-11FEA355DF8E}.Debug|Any CPU.Build.0 = Debug|Any CPU
		{282DF47B-7ABC-44A7-9365-11FEA355DF8E}.Release|Any CPU.ActiveCfg = Release|Any CPU
		{282DF47B-7ABC-44A7-9365-11FEA355DF8E}.Release|Any CPU.Build.0 = Release|Any CPU
	EndGlobalSection
	GlobalSection(SolutionProperties) = preSolution
		HideSolutionNode = FALSE
	EndGlobalSection
	GlobalSection(ExtensibilityGlobals) = postSolution
		SolutionGuid = {5172F876-FABD-4DB6-9F95-0F217DE41A35}
	EndGlobalSection
EndGlobal
