
Microsoft Visual Studio Solution File, Format Version 12.00
# Visual Studio Version 16
VisualStudioVersion = 16.0.29728.190
MinimumVisualStudioVersion = 10.0.40219.1
Project("{FAE04EC0-301F-11D3-BF4B-00C04F79EFBC}") = "HRLibrary", "HRLibrary\HRLibrary.csproj", "{10019FE8-FC27-4ADF-9D9A-F9722D9E1C6B}"
EndProject
Project("{FAE04EC0-301F-11D3-BF4B-00C04F79EFBC}") = "HRUnitTests", "HRUnitTests\HRUnitTests.csproj", "{089175CD-C01B-452B-AAA5-2CF836501453}"
EndProject
Global
	GlobalSection(SolutionConfigurationPlatforms) = preSolution
		Debug|Any CPU = Debug|Any CPU
		Release|Any CPU = Release|Any CPU
	EndGlobalSection
	GlobalSection(ProjectConfigurationPlatforms) = postSolution
		{10019FE8-FC27-4ADF-9D9A-F9722D9E1C6B}.Debug|Any CPU.ActiveCfg = Debug|Any CPU
		{10019FE8-FC27-4ADF-9D9A-F9722D9E1C6B}.Debug|Any CPU.Build.0 = Debug|Any CPU
		{10019FE8-FC27-4ADF-9D9A-F9722D9E1C6B}.Release|Any CPU.ActiveCfg = Release|Any CPU
		{10019FE8-FC27-4ADF-9D9A-F9722D9E1C6B}.Release|Any CPU.Build.0 = Release|Any CPU
		{089175CD-C01B-452B-AAA5-2CF836501453}.Debug|Any CPU.ActiveCfg = Debug|Any CPU
		{089175CD-C01B-452B-AAA5-2CF836501453}.Debug|Any CPU.Build.0 = Debug|Any CPU
		{089175CD-C01B-452B-AAA5-2CF836501453}.Release|Any CPU.ActiveCfg = Release|Any CPU
		{089175CD-C01B-452B-AAA5-2CF836501453}.Release|Any CPU.Build.0 = Release|Any CPU
	EndGlobalSection
	GlobalSection(SolutionProperties) = preSolution
		HideSolutionNode = FALSE
	EndGlobalSection
	GlobalSection(ExtensibilityGlobals) = postSolution
		SolutionGuid = {DA8D2640-CF22-49D6-803A-F437C75CF3FE}
	EndGlobalSection
EndGlobal
